// !$*UTF8*$!
{
	archiveVersion = 1;
	classes = {
	};
	objectVersion = 48;
	objects = {

/* Begin PBXBuildFile section */
		1E2CB0FB1FDCAFB7009F5482 /* AppDelegate.swift in Sources */ = {isa = PBXBuildFile; fileRef = 1E2CB0FA1FDCAFB7009F5482 /* AppDelegate.swift */; };
		1E2CB0FD1FDCAFB7009F5482 /* ViewController.swift in Sources */ = {isa = PBXBuildFile; fileRef = 1E2CB0FC1FDCAFB7009F5482 /* ViewController.swift */; };
		1E2CB1001FDCAFB7009F5482 /* Main.storyboard in Resources */ = {isa = PBXBuildFile; fileRef = 1E2CB0FE1FDCAFB7009F5482 /* Main.storyboard */; };
		1E2CB1031FDCAFB7009F5482 /* Fotologger.xcdatamodeld in Sources */ = {isa = PBXBuildFile; fileRef = 1E2CB1011FDCAFB7009F5482 /* Fotologger.xcdatamodeld */; };
		1E2CB1051FDCAFB7009F5482 /* Assets.xcassets in Resources */ = {isa = PBXBuildFile; fileRef = 1E2CB1041FDCAFB7009F5482 /* Assets.xcassets */; };
		1E2CB1081FDCAFB7009F5482 /* LaunchScreen.storyboard in Resources */ = {isa = PBXBuildFile; fileRef = 1E2CB1061FDCAFB7009F5482 /* LaunchScreen.storyboard */; };
		1E2CB1101FDCB780009F5482 /* ocean.jpg in Resources */ = {isa = PBXBuildFile; fileRef = 1E2CB10F1FDCB780009F5482 /* ocean.jpg */; };
		1E2CB1121FDCB954009F5482 /* DetailsViewController.swift in Sources */ = {isa = PBXBuildFile; fileRef = 1E2CB1111FDCB954009F5482 /* DetailsViewController.swift */; };
/* End PBXBuildFile section */

/* Begin PBXFileReference section */
		1E2CB0F71FDCAFB7009F5482 /* Fotologger.app */ = {isa = PBXFileReference; explicitFileType = wrapper.application; includeInIndex = 0; path = Fotologger.app; sourceTree = BUILT_PRODUCTS_DIR; };
		1E2CB0FA1FDCAFB7009F5482 /* AppDelegate.swift */ = {isa = PBXFileReference; lastKnownFileType = sourcecode.swift; path = AppDelegate.swift; sourceTree = "<group>"; };
		1E2CB0FC1FDCAFB7009F5482 /* ViewController.swift */ = {isa = PBXFileReference; lastKnownFileType = sourcecode.swift; path = ViewController.swift; sourceTree = "<group>"; };
		1E2CB0FF1FDCAFB7009F5482 /* Base */ = {isa = PBXFileReference; lastKnownFileType = file.storyboard; name = Base; path = Base.lproj/Main.storyboard; sourceTree = "<group>"; };
		1E2CB1021FDCAFB7009F5482 /* Fotologger.xcdatamodel */ = {isa = PBXFileReference; lastKnownFileType = wrapper.xcdatamodel; path = Fotologger.xcdatamodel; sourceTree = "<group>"; };
		1E2CB1041FDCAFB7009F5482 /* Assets.xcassets */ = {isa = PBXFileReference; lastKnownFileType = folder.assetcatalog; path = Assets.xcassets; sourceTree = "<group>"; };
		1E2CB1071FDCAFB7009F5482 /* Base */ = {isa = PBXFileReference; lastKnownFileType = file.storyboard; name = Base; path = Base.lproj/LaunchScreen.storyboard; sourceTree = "<group>"; };
		1E2CB1091FDCAFB7009F5482 /* Info.plist */ = {isa = PBXFileReference; lastKnownFileType = text.plist.xml; path = Info.plist; sourceTree = "<group>"; };
		1E2CB10F1FDCB780009F5482 /* ocean.jpg */ = {isa = PBXFileReference; lastKnownFileType = image.jpeg; path = ocean.jpg; sourceTree = "<group>"; };
		1E2CB1111FDCB954009F5482 /* DetailsViewController.swift */ = {isa = PBXFileReference; lastKnownFileType = sourcecode.swift; path = DetailsViewController.swift; sourceTree = "<group>"; };
/* End PBXFileReference section */

/* Begin PBXFrameworksBuildPhase section */
		1E2CB0F41FDCAFB7009F5482 /* Frameworks */ = {
			isa = PBXFrameworksBuildPhase;
			buildActionMask = 2147483647;
			files = (
			);
			runOnlyForDeploymentPostprocessing = 0;
		};
/* End PBXFrameworksBuildPhase section */

/* Begin PBXGroup section */
		1E2CB0EE1FDCAFB7009F5482 = {
			isa = PBXGroup;
			children = (
				1E2CB0F91FDCAFB7009F5482 /* Fotologger */,
				1E2CB0F81FDCAFB7009F5482 /* Products */,
			);
			sourceTree = "<group>";
		};
		1E2CB0F81FDCAFB7009F5482 /* Products */ = {
			isa = PBXGroup;
			children = (
				1E2CB0F71FDCAFB7009F5482 /* Fotologger.app */,
			);
			name = Products;
			sourceTree = "<group>";
		};
		1E2CB0F91FDCAFB7009F5482 /* Fotologger */ = {
			isa = PBXGroup;
			children = (
				1E2CB0FA1FDCAFB7009F5482 /* AppDelegate.swift */,
				1E2CB0FC1FDCAFB7009F5482 /* ViewController.swift */,
				1E2CB1111FDCB954009F5482 /* DetailsViewController.swift */,
				1E2CB10F1FDCB780009F5482 /* ocean.jpg */,
				1E2CB0FE1FDCAFB7009F5482 /* Main.storyboard */,
				1E2CB1041FDCAFB7009F5482 /* Assets.xcassets */,
				1E2CB1061FDCAFB7009F5482 /* LaunchScreen.storyboard */,
				1E2CB1091FDCAFB7009F5482 /* Info.plist */,
				1E2CB1011FDCAFB7009F5482 /* Fotologger.xcdatamodeld */,
			);
			path = Fotologger;
			sourceTree = "<group>";
		};
/* End PBXGroup section */

/* Begin PBXNativeTarget section */
		1E2CB0F61FDCAFB7009F5482 /* Fotologger */ = {
			isa = PBXNativeTarget;
			buildConfigurationList = 1E2CB10C1FDCAFB7009F5482 /* Build configuration list for PBXNativeTarget "Fotologger" */;
			buildPhases = (
				1E2CB0F31FDCAFB7009F5482 /* Sources */,
				1E2CB0F41FDCAFB7009F5482 /* Frameworks */,
				1E2CB0F51FDCAFB7009F5482 /* Resources */,
			);
			buildRules = (
			);
			dependencies = (
			);
			name = Fotologger;
			productName = Fotologger;
			productReference = 1E2CB0F71FDCAFB7009F5482 /* Fotologger.app */;
			productType = "com.apple.product-type.application";
		};
/* End PBXNativeTarget section */

/* Begin PBXProject section */
		1E2CB0EF1FDCAFB7009F5482 /* Project object */ = {
			isa = PBXProject;
			attributes = {
				LastSwiftUpdateCheck = 0920;
				LastUpgradeCheck = 0920;
				ORGANIZATIONNAME = "Daniel Moi";
				TargetAttributes = {
					1E2CB0F61FDCAFB7009F5482 = {
						CreatedOnToolsVersion = 9.2;
						ProvisioningStyle = Automatic;
					};
				};
			};
			buildConfigurationList = 1E2CB0F21FDCAFB7009F5482 /* Build configuration list for PBXProject "Fotologger" */;
			compatibilityVersion = "Xcode 8.0";
			developmentRegion = en;
			hasScannedForEncodings = 0;
			knownRegions = (
				en,
				Base,
			);
			mainGroup = 1E2CB0EE1FDCAFB7009F5482;
			productRefGroup = 1E2CB0F81FDCAFB7009F5482 /* Products */;
			projectDirPath = "";
			projectRoot = "";
			targets = (
				1E2CB0F61FDCAFB7009F5482 /* Fotologger */,
			);
		};
/* End PBXProject section */

/* Begin PBXResourcesBuildPhase section */
		1E2CB0F51FDCAFB7009F5482 /* Resources */ = {
			isa = PBXResourcesBuildPhase;
			buildActionMask = 2147483647;
			files = (
				1E2CB1081FDCAFB7009F5482 /* LaunchScreen.storyboard in Resources */,
				1E2CB1051FDCAFB7009F5482 /* Assets.xcassets in Resources */,
				1E2CB1101FDCB780009F5482 /* ocean.jpg in Resources */,
				1E2CB1001FDCAFB7009F5482 /* Main.storyboard in Resources */,
			);
			runOnlyForDeploymentPostprocessing = 0;
		};
/* End PBXResourcesBuildPhase section */

/* Begin PBXSourcesBuildPhase section */
		1E2CB0F31FDCAFB7009F5482 /* Sources */ = {
			isa = PBXSourcesBuildPhase;
			buildActionMask = 2147483647;
			files = (
				1E2CB0FD1FDCAFB7009F5482 /* ViewController.swift in Sources */,
				1E2CB1031FDCAFB7009F5482 /* Fotologger.xcdatamodeld in Sources */,
				1E2CB0FB1FDCAFB7009F5482 /* AppDelegate.swift in Sources */,
				1E2CB1121FDCB954009F5482 /* DetailsViewController.swift in Sources */,
			);
			runOnlyForDeploymentPostprocessing = 0;
		};
/* End PBXSourcesBuildPhase section */

/* Begin PBXVariantGroup section */
		1E2CB0FE1FDCAFB7009F5482 /* Main.storyboard */ = {
			isa = PBXVariantGroup;
			children = (
				1E2CB0FF1FDCAFB7009F5482 /* Base */,
			);
			name = Main.storyboard;
			sourceTree = "<group>";
		};
		1E2CB1061FDCAFB7009F5482 /* LaunchScreen.storyboard */ = {
			isa = PBXVariantGroup;
			children = (
				1E2CB1071FDCAFB7009F5482 /* Base */,
			);
			name = LaunchScreen.storyboard;
			sourceTree = "<group>";
		};
/* End PBXVariantGroup section */

/* Begin XCBuildConfiguration section */
		1E2CB10A1FDCAFB7009F5482 /* Debug */ = {
			isa = XCBuildConfiguration;
			buildSettings = {
				ALWAYS_SEARCH_USER_PATHS = NO;
				CLANG_ANALYZER_NONNULL = YES;
				CLANG_ANALYZER_NUMBER_OBJECT_CONVERSION = YES_AGGRESSIVE;
				CLANG_CXX_LANGUAGE_STANDARD = "gnu++14";
				CLANG_CXX_LIBRARY = "libc++";
				CLANG_ENABLE_MODULES = YES;
				CLANG_ENABLE_OBJC_ARC = YES;
				CLANG_WARN_BLOCK_CAPTURE_AUTORELEASING = YES;
				CLANG_WARN_BOOL_CONVERSION = YES;
				CLANG_WARN_COMMA = YES;
				CLANG_WARN_CONSTANT_CONVERSION = YES;
				CLANG_WARN_DIRECT_OBJC_ISA_USAGE = YES_ERROR;
				CLANG_WARN_DOCUMENTATION_COMMENTS = YES;
				CLANG_WARN_EMPTY_BODY = YES;
				CLANG_WARN_ENUM_CONVERSION = YES;
				CLANG_WARN_INFINITE_RECURSION = YES;
				CLANG_WARN_INT_CONVERSION = YES;
				CLANG_WARN_NON_LITERAL_NULL_CONVERSION = YES;
				CLANG_WARN_OBJC_LITERAL_CONVERSION = YES;
				CLANG_WARN_OBJC_ROOT_CLASS = YES_ERROR;
				CLANG_WARN_RANGE_LOOP_ANALYSIS = YES;
				CLANG_WARN_STRICT_PROTOTYPES = YES;
				CLANG_WARN_SUSPICIOUS_MOVE = YES;
				CLANG_WARN_UNGUARDED_AVAILABILITY = YES_AGGRESSIVE;
				CLANG_WARN_UNREACHABLE_CODE = YES;
				CLANG_WARN__DUPLICATE_METHOD_MATCH = YES;
				CODE_SIGN_IDENTITY = "iPhone Developer";
				COPY_PHASE_STRIP = NO;
				DEBUG_INFORMATION_FORMAT = dwarf;
				ENABLE_STRICT_OBJC_MSGSEND = YES;
				ENABLE_TESTABILITY = YES;
				GCC_C_LANGUAGE_STANDARD = gnu11;
				GCC_DYNAMIC_NO_PIC = NO;
				GCC_NO_COMMON_BLOCKS = YES;
				GCC_OPTIMIZATION_LEVEL = 0;
				GCC_PREPROCESSOR_DEFINITIONS = (
					"DEBUG=1",
					"$(inherited)",
				);
				GCC_WARN_64_TO_32_BIT_CONVERSION = YES;
				GCC_WARN_ABOUT_RETURN_TYPE = YES_ERROR;
				GCC_WARN_UNDECLARED_SELECTOR = YES;
				GCC_WARN_UNINITIALIZED_AUTOS = YES_AGGRESSIVE;
				GCC_WARN_UNUSED_FUNCTION = YES;
				GCC_WARN_UNUSED_VARIABLE = YES;
				IPHONEOS_DEPLOYMENT_TARGET = 11.2;
				MTL_ENABLE_DEBUG_INFO = YES;
				ONLY_ACTIVE_ARCH = YES;
				SDKROOT = iphoneos;
				SWIFT_ACTIVE_COMPILATION_CONDITIONS = DEBUG;
				SWIFT_OPTIMIZATION_LEVEL = "-Onone";
			};
			name = Debug;
		};
		1E2CB10B1FDCAFB7009F5482 /* Release */ = {
			isa = XCBuildConfiguration;
			buildSettings = {
				ALWAYS_SEARCH_USER_PATHS = NO;
				CLANG_ANALYZER_NONNULL = YES;
				CLANG_ANALYZER_NUMBER_OBJECT_CONVERSION = YES_AGGRESSIVE;
				CLANG_CXX_LANGUAGE_STANDARD = "gnu++14";
				CLANG_CXX_LIBRARY = "libc++";
				CLANG_ENABLE_MODULES = YES;
				CLANG_ENABLE_OBJC_ARC = YES;
				CLANG_WARN_BLOCK_CAPTURE_AUTORELEASING = YES;
				CLANG_WARN_BOOL_CONVERSION = YES;
				CLANG_WARN_COMMA = YES;
				CLANG_WARN_CONSTANT_CONVERSION = YES;
				CLANG_WARN_DIRECT_OBJC_ISA_USAGE = YES_ERROR;
				CLANG_WARN_DOCUMENTATION_COMMENTS = YES;
				CLANG_WARN_EMPTY_BODY = YES;
				CLANG_WARN_ENUM_CONVERSION = YES;
				CLANG_WARN_INFINITE_RECURSION = YES;
				CLANG_WARN_INT_CONVERSION = YES;
				CLANG_WARN_NON_LITERAL_NULL_CONVERSION = YES;
				CLANG_WARN_OBJC_LITERAL_CONVERSION = YES;
				CLANG_WARN_OBJC_ROOT_CLASS = YES_ERROR;
				CLANG_WARN_RANGE_LOOP_ANALYSIS = YES;
				CLANG_WARN_STRICT_PROTOTYPES = YES;
				CLANG_WARN_SUSPICIOUS_MOVE = YES;
				CLANG_WARN_UNGUARDED_AVAILABILITY = YES_AGGRESSIVE;
				CLANG_WARN_UNREACHABLE_CODE = YES;
				CLANG_WARN__DUPLICATE_METHOD_MATCH = YES;
				CODE_SIGN_IDENTITY = "iPhone Developer";
				COPY_PHASE_STRIP = NO;
				DEBUG_INFORMATION_FORMAT = "dwarf-with-dsym";
				ENABLE_NS_ASSERTIONS = NO;
				ENABLE_STRICT_OBJC_MSGSEND = YES;
				GCC_C_LANGUAGE_STANDARD = gnu11;
				GCC_NO_COMMON_BLOCKS = YES;
				GCC_WARN_64_TO_32_BIT_CONVERSION = YES;
				GCC_WARN_ABOUT_RETURN_TYPE = YES_ERROR;
				GCC_WARN_UNDECLARED_SELECTOR = YES;
				GCC_WARN_UNINITIALIZED_AUTOS = YES_AGGRESSIVE;
				GCC_WARN_UNUSED_FUNCTION = YES;
				GCC_WARN_UNUSED_VARIABLE = YES;
				IPHONEOS_DEPLOYMENT_TARGET = 11.2;
				MTL_ENABLE_DEBUG_INFO = NO;
				SDKROOT = iphoneos;
				SWIFT_OPTIMIZATION_LEVEL = "-Owholemodule";
				VALIDATE_PRODUCT = YES;
			};
			name = Release;
		};
		1E2CB10D1FDCAFB7009F5482 /* Debug */ = {
			isa = XCBuildConfiguration;
			buildSettings = {
				ASSETCATALOG_COMPILER_APPICON_NAME = AppIcon;
				CODE_SIGN_STYLE = Automatic;
				DEVELOPMENT_TEAM = B75787K4Z9;
				INFOPLIST_FILE = Fotologger/Info.plist;
				IPHONEOS_DEPLOYMENT_TARGET = 11.1;
				LD_RUNPATH_SEARCH_PATHS = "$(inherited) @executable_path/Frameworks";
				PRODUCT_BUNDLE_IDENTIFIER = com.danielmoi.Fotologger;
				PRODUCT_NAME = "$(TARGET_NAME)";
				SWIFT_VERSION = 4.0;
				TARGETED_DEVICE_FAMILY = "1,2";
			};
			name = Debug;
		};
		1E2CB10E1FDCAFB7009F5482 /* Release */ = {
			isa = XCBuildConfiguration;
			buildSettings = {
				ASSETCATALOG_COMPILER_APPICON_NAME = AppIcon;
				CODE_SIGN_STYLE = Automatic;
				DEVELOPMENT_TEAM = B75787K4Z9;
				INFOPLIST_FILE = Fotologger/Info.plist;
				IPHONEOS_DEPLOYMENT_TARGET = 11.1;
				LD_RUNPATH_SEARCH_PATHS = "$(inherited) @executable_path/Frameworks";
				PRODUCT_BUNDLE_IDENTIFIER = com.danielmoi.Fotologger;
				PRODUCT_NAME = "$(TARGET_NAME)";
				SWIFT_VERSION = 4.0;
				TARGETED_DEVICE_FAMILY = "1,2";
			};
			name = Release;
		};
/* End XCBuildConfiguration section */

/* Begin XCConfigurationList section */
		1E2CB0F21FDCAFB7009F5482 /* Build configuration list for PBXProject "Fotologger" */ = {
			isa = XCConfigurationList;
			buildConfigurations = (
				1E2CB10A1FDCAFB7009F5482 /* Debug */,
				1E2CB10B1FDCAFB7009F5482 /* Release */,
			);
			defaultConfigurationIsVisible = 0;
			defaultConfigurationName = Release;
		};
		1E2CB10C1FDCAFB7009F5482 /* Build configuration list for PBXNativeTarget "Fotologger" */ = {
			isa = XCConfigurationList;
			buildConfigurations = (
				1E2CB10D1FDCAFB7009F5482 /* Debug */,
				1E2CB10E1FDCAFB7009F5482 /* Release */,
			);
			defaultConfigurationIsVisible = 0;
			defaultConfigurationName = Release;
		};
/* End XCConfigurationList section */

/* Begin XCVersionGroup section */
		1E2CB1011FDCAFB7009F5482 /* Fotologger.xcdatamodeld */ = {
			isa = XCVersionGroup;
			children = (
				1E2CB1021FDCAFB7009F5482 /* Fotologger.xcdatamodel */,
			);
			currentVersion = 1E2CB1021FDCAFB7009F5482 /* Fotologger.xcdatamodel */;
			path = Fotologger.xcdatamodeld;
			sourceTree = "<group>";
			versionGroupType = wrapper.xcdatamodel;
		};
/* End XCVersionGroup section */
	};
	rootObject = 1E2CB0EF1FDCAFB7009F5482 /* Project object */;
}
